// !$*UTF8*$!
{
	archiveVersion = 1;
	classes = {
	};
	objectVersion = 56;
	objects = {

/* Begin PBXBuildFile section */
		8DC2B91B2A7583A8009194AB /* UbahnStationWegbeschreibungApp.swift in Sources */ = {isa = PBXBuildFile; fileRef = 8DC2B91A2A7583A8009194AB /* UbahnStationWegbeschreibungApp.swift */; };
		8DC2B91D2A7583A8009194AB /* ContentView.swift in Sources */ = {isa = PBXBuildFile; fileRef = 8DC2B91C2A7583A8009194AB /* ContentView.swift */; };
		8DC2B91F2A7583A9009194AB /* Assets.xcassets in Resources */ = {isa = PBXBuildFile; fileRef = 8DC2B91E2A7583A9009194AB /* Assets.xcassets */; };
		8DC2B9222A7583A9009194AB /* Preview Assets.xcassets in Resources */ = {isa = PBXBuildFile; fileRef = 8DC2B9212A7583A9009194AB /* Preview Assets.xcassets */; };
		8DC2B92C2A7583AA009194AB /* UbahnStationWegbeschreibungTests.swift in Sources */ = {isa = PBXBuildFile; fileRef = 8DC2B92B2A7583AA009194AB /* UbahnStationWegbeschreibungTests.swift */; };
		8DC2B9362A7583AA009194AB /* UbahnStationWegbeschreibungUITests.swift in Sources */ = {isa = PBXBuildFile; fileRef = 8DC2B9352A7583AA009194AB /* UbahnStationWegbeschreibungUITests.swift */; };
		8DC2B9382A7583AA009194AB /* UbahnStationWegbeschreibungUITestsLaunchTests.swift in Sources */ = {isa = PBXBuildFile; fileRef = 8DC2B9372A7583AA009194AB /* UbahnStationWegbeschreibungUITestsLaunchTests.swift */; };
		8DC2B9452A7584C3009194AB /* CoreLocationViewModel.swift in Sources */ = {isa = PBXBuildFile; fileRef = 8DC2B9442A7584C3009194AB /* CoreLocationViewModel.swift */; };
		8DC2B94A2A75A737009194AB /* Beacon.swift in Sources */ = {isa = PBXBuildFile; fileRef = 8DC2B9492A75A737009194AB /* Beacon.swift */; };
/* End PBXBuildFile section */

/* Begin PBXContainerItemProxy section */
		8DC2B9282A7583AA009194AB /* PBXContainerItemProxy */ = {
			isa = PBXContainerItemProxy;
			containerPortal = 8DC2B90F2A7583A8009194AB /* Project object */;
			proxyType = 1;
			remoteGlobalIDString = 8DC2B9162A7583A8009194AB;
			remoteInfo = UbahnStationWegbeschreibung;
		};
		8DC2B9322A7583AA009194AB /* PBXContainerItemProxy */ = {
			isa = PBXContainerItemProxy;
			containerPortal = 8DC2B90F2A7583A8009194AB /* Project object */;
			proxyType = 1;
			remoteGlobalIDString = 8DC2B9162A7583A8009194AB;
			remoteInfo = UbahnStationWegbeschreibung;
		};
/* End PBXContainerItemProxy section */

/* Begin PBXFileReference section */
		8DC2B9172A7583A8009194AB /* UbahnStationWegbeschreibung.app */ = {isa = PBXFileReference; explicitFileType = wrapper.application; includeInIndex = 0; path = UbahnStationWegbeschreibung.app; sourceTree = BUILT_PRODUCTS_DIR; };
		8DC2B91A2A7583A8009194AB /* UbahnStationWegbeschreibungApp.swift */ = {isa = PBXFileReference; lastKnownFileType = sourcecode.swift; path = UbahnStationWegbeschreibungApp.swift; sourceTree = "<group>"; };
		8DC2B91C2A7583A8009194AB /* ContentView.swift */ = {isa = PBXFileReference; lastKnownFileType = sourcecode.swift; path = ContentView.swift; sourceTree = "<group>"; };
		8DC2B91E2A7583A9009194AB /* Assets.xcassets */ = {isa = PBXFileReference; lastKnownFileType = folder.assetcatalog; path = Assets.xcassets; sourceTree = "<group>"; };
		8DC2B9212A7583A9009194AB /* Preview Assets.xcassets */ = {isa = PBXFileReference; lastKnownFileType = folder.assetcatalog; path = "Preview Assets.xcassets"; sourceTree = "<group>"; };
		8DC2B9272A7583AA009194AB /* UbahnStationWegbeschreibungTests.xctest */ = {isa = PBXFileReference; explicitFileType = wrapper.cfbundle; includeInIndex = 0; path = UbahnStationWegbeschreibungTests.xctest; sourceTree = BUILT_PRODUCTS_DIR; };
		8DC2B92B2A7583AA009194AB /* UbahnStationWegbeschreibungTests.swift */ = {isa = PBXFileReference; lastKnownFileType = sourcecode.swift; path = UbahnStationWegbeschreibungTests.swift; sourceTree = "<group>"; };
		8DC2B9312A7583AA009194AB /* UbahnStationWegbeschreibungUITests.xctest */ = {isa = PBXFileReference; explicitFileType = wrapper.cfbundle; includeInIndex = 0; path = UbahnStationWegbeschreibungUITests.xctest; sourceTree = BUILT_PRODUCTS_DIR; };
		8DC2B9352A7583AA009194AB /* UbahnStationWegbeschreibungUITests.swift */ = {isa = PBXFileReference; lastKnownFileType = sourcecode.swift; path = UbahnStationWegbeschreibungUITests.swift; sourceTree = "<group>"; };
		8DC2B9372A7583AA009194AB /* UbahnStationWegbeschreibungUITestsLaunchTests.swift */ = {isa = PBXFileReference; lastKnownFileType = sourcecode.swift; path = UbahnStationWegbeschreibungUITestsLaunchTests.swift; sourceTree = "<group>"; };
		8DC2B9442A7584C3009194AB /* CoreLocationViewModel.swift */ = {isa = PBXFileReference; lastKnownFileType = sourcecode.swift; path = CoreLocationViewModel.swift; sourceTree = "<group>"; };
		8DC2B9492A75A737009194AB /* Beacon.swift */ = {isa = PBXFileReference; lastKnownFileType = sourcecode.swift; path = Beacon.swift; sourceTree = "<group>"; };
/* End PBXFileReference section */

/* Begin PBXFrameworksBuildPhase section */
		8DC2B9142A7583A8009194AB /* Frameworks */ = {
			isa = PBXFrameworksBuildPhase;
			buildActionMask = 2147483647;
			files = (
			);
			runOnlyForDeploymentPostprocessing = 0;
		};
		8DC2B9242A7583AA009194AB /* Frameworks */ = {
			isa = PBXFrameworksBuildPhase;
			buildActionMask = 2147483647;
			files = (
			);
			runOnlyForDeploymentPostprocessing = 0;
		};
		8DC2B92E2A7583AA009194AB /* Frameworks */ = {
			isa = PBXFrameworksBuildPhase;
			buildActionMask = 2147483647;
			files = (
			);
			runOnlyForDeploymentPostprocessing = 0;
		};
/* End PBXFrameworksBuildPhase section */

/* Begin PBXGroup section */
		8DC2B90E2A7583A8009194AB = {
			isa = PBXGroup;
			children = (
				8DC2B9192A7583A8009194AB /* UbahnStationWegbeschreibung */,
				8DC2B92A2A7583AA009194AB /* UbahnStationWegbeschreibungTests */,
				8DC2B9342A7583AA009194AB /* UbahnStationWegbeschreibungUITests */,
				8DC2B9182A7583A8009194AB /* Products */,
			);
			sourceTree = "<group>";
		};
		8DC2B9182A7583A8009194AB /* Products */ = {
			isa = PBXGroup;
			children = (
				8DC2B9172A7583A8009194AB /* UbahnStationWegbeschreibung.app */,
				8DC2B9272A7583AA009194AB /* UbahnStationWegbeschreibungTests.xctest */,
				8DC2B9312A7583AA009194AB /* UbahnStationWegbeschreibungUITests.xctest */,
			);
			name = Products;
			sourceTree = "<group>";
		};
		8DC2B9192A7583A8009194AB /* UbahnStationWegbeschreibung */ = {
			isa = PBXGroup;
			children = (
				8DC2B91A2A7583A8009194AB /* UbahnStationWegbeschreibungApp.swift */,
				8DC2B9462A75A6E8009194AB /* Models */,
				8DC2B9482A75A70B009194AB /* ViewModel */,
				8DC2B9472A75A6F5009194AB /* Views */,
				8DC2B91E2A7583A9009194AB /* Assets.xcassets */,
				8DC2B9202A7583A9009194AB /* Preview Content */,
			);
			path = UbahnStationWegbeschreibung;
			sourceTree = "<group>";
		};
		8DC2B9202A7583A9009194AB /* Preview Content */ = {
			isa = PBXGroup;
			children = (
				8DC2B9212A7583A9009194AB /* Preview Assets.xcassets */,
			);
			path = "Preview Content";
			sourceTree = "<group>";
		};
		8DC2B92A2A7583AA009194AB /* UbahnStationWegbeschreibungTests */ = {
			isa = PBXGroup;
			children = (
				8DC2B92B2A7583AA009194AB /* UbahnStationWegbeschreibungTests.swift */,
			);
			path = UbahnStationWegbeschreibungTests;
			sourceTree = "<group>";
		};
		8DC2B9342A7583AA009194AB /* UbahnStationWegbeschreibungUITests */ = {
			isa = PBXGroup;
			children = (
				8DC2B9352A7583AA009194AB /* UbahnStationWegbeschreibungUITests.swift */,
				8DC2B9372A7583AA009194AB /* UbahnStationWegbeschreibungUITestsLaunchTests.swift */,
			);
			path = UbahnStationWegbeschreibungUITests;
			sourceTree = "<group>";
		};
		8DC2B9462A75A6E8009194AB /* Models */ = {
			isa = PBXGroup;
			children = (
				8DC2B9492A75A737009194AB /* Beacon.swift */,
			);
			path = Models;
			sourceTree = "<group>";
		};
		8DC2B9472A75A6F5009194AB /* Views */ = {
			isa = PBXGroup;
			children = (
				8DC2B91C2A7583A8009194AB /* ContentView.swift */,
			);
			path = Views;
			sourceTree = "<group>";
		};
		8DC2B9482A75A70B009194AB /* ViewModel */ = {
			isa = PBXGroup;
			children = (
				8DC2B9442A7584C3009194AB /* CoreLocationViewModel.swift */,
			);
			path = ViewModel;
			sourceTree = "<group>";
		};
/* End PBXGroup section */

/* Begin PBXNativeTarget section */
		8DC2B9162A7583A8009194AB /* UbahnStationWegbeschreibung */ = {
			isa = PBXNativeTarget;
			buildConfigurationList = 8DC2B93B2A7583AA009194AB /* Build configuration list for PBXNativeTarget "UbahnStationWegbeschreibung" */;
			buildPhases = (
				8DC2B9132A7583A8009194AB /* Sources */,
				8DC2B9142A7583A8009194AB /* Frameworks */,
				8DC2B9152A7583A8009194AB /* Resources */,
			);
			buildRules = (
			);
			dependencies = (
			);
			name = UbahnStationWegbeschreibung;
			productName = UbahnStationWegbeschreibung;
			productReference = 8DC2B9172A7583A8009194AB /* UbahnStationWegbeschreibung.app */;
			productType = "com.apple.product-type.application";
		};
		8DC2B9262A7583AA009194AB /* UbahnStationWegbeschreibungTests */ = {
			isa = PBXNativeTarget;
			buildConfigurationList = 8DC2B93E2A7583AA009194AB /* Build configuration list for PBXNativeTarget "UbahnStationWegbeschreibungTests" */;
			buildPhases = (
				8DC2B9232A7583AA009194AB /* Sources */,
				8DC2B9242A7583AA009194AB /* Frameworks */,
				8DC2B9252A7583AA009194AB /* Resources */,
			);
			buildRules = (
			);
			dependencies = (
				8DC2B9292A7583AA009194AB /* PBXTargetDependency */,
			);
			name = UbahnStationWegbeschreibungTests;
			productName = UbahnStationWegbeschreibungTests;
			productReference = 8DC2B9272A7583AA009194AB /* UbahnStationWegbeschreibungTests.xctest */;
			productType = "com.apple.product-type.bundle.unit-test";
		};
		8DC2B9302A7583AA009194AB /* UbahnStationWegbeschreibungUITests */ = {
			isa = PBXNativeTarget;
			buildConfigurationList = 8DC2B9412A7583AA009194AB /* Build configuration list for PBXNativeTarget "UbahnStationWegbeschreibungUITests" */;
			buildPhases = (
				8DC2B92D2A7583AA009194AB /* Sources */,
				8DC2B92E2A7583AA009194AB /* Frameworks */,
				8DC2B92F2A7583AA009194AB /* Resources */,
			);
			buildRules = (
			);
			dependencies = (
				8DC2B9332A7583AA009194AB /* PBXTargetDependency */,
			);
			name = UbahnStationWegbeschreibungUITests;
			productName = UbahnStationWegbeschreibungUITests;
			productReference = 8DC2B9312A7583AA009194AB /* UbahnStationWegbeschreibungUITests.xctest */;
			productType = "com.apple.product-type.bundle.ui-testing";
		};
/* End PBXNativeTarget section */

/* Begin PBXProject section */
		8DC2B90F2A7583A8009194AB /* Project object */ = {
			isa = PBXProject;
			attributes = {
				BuildIndependentTargetsInParallel = 1;
				LastSwiftUpdateCheck = 1430;
				LastUpgradeCheck = 1430;
				TargetAttributes = {
					8DC2B9162A7583A8009194AB = {
						CreatedOnToolsVersion = 14.3.1;
					};
					8DC2B9262A7583AA009194AB = {
						CreatedOnToolsVersion = 14.3.1;
						TestTargetID = 8DC2B9162A7583A8009194AB;
					};
					8DC2B9302A7583AA009194AB = {
						CreatedOnToolsVersion = 14.3.1;
						TestTargetID = 8DC2B9162A7583A8009194AB;
					};
				};
			};
			buildConfigurationList = 8DC2B9122A7583A8009194AB /* Build configuration list for PBXProject "UbahnStationWegbeschreibung" */;
			compatibilityVersion = "Xcode 14.0";
			developmentRegion = en;
			hasScannedForEncodings = 0;
			knownRegions = (
				en,
				Base,
			);
			mainGroup = 8DC2B90E2A7583A8009194AB;
			productRefGroup = 8DC2B9182A7583A8009194AB /* Products */;
			projectDirPath = "";
			projectRoot = "";
			targets = (
				8DC2B9162A7583A8009194AB /* UbahnStationWegbeschreibung */,
				8DC2B9262A7583AA009194AB /* UbahnStationWegbeschreibungTests */,
				8DC2B9302A7583AA009194AB /* UbahnStationWegbeschreibungUITests */,
			);
		};
/* End PBXProject section */

/* Begin PBXResourcesBuildPhase section */
		8DC2B9152A7583A8009194AB /* Resources */ = {
			isa = PBXResourcesBuildPhase;
			buildActionMask = 2147483647;
			files = (
				8DC2B9222A7583A9009194AB /* Preview Assets.xcassets in Resources */,
				8DC2B91F2A7583A9009194AB /* Assets.xcassets in Resources */,
			);
			runOnlyForDeploymentPostprocessing = 0;
		};
		8DC2B9252A7583AA009194AB /* Resources */ = {
			isa = PBXResourcesBuildPhase;
			buildActionMask = 2147483647;
			files = (
			);
			runOnlyForDeploymentPostprocessing = 0;
		};
		8DC2B92F2A7583AA009194AB /* Resources */ = {
			isa = PBXResourcesBuildPhase;
			buildActionMask = 2147483647;
			files = (
			);
			runOnlyForDeploymentPostprocessing = 0;
		};
/* End PBXResourcesBuildPhase section */

/* Begin PBXSourcesBuildPhase section */
		8DC2B9132A7583A8009194AB /* Sources */ = {
			isa = PBXSourcesBuildPhase;
			buildActionMask = 2147483647;
			files = (
				8DC2B9452A7584C3009194AB /* CoreLocationViewModel.swift in Sources */,
				8DC2B91D2A7583A8009194AB /* ContentView.swift in Sources */,
				8DC2B91B2A7583A8009194AB /* UbahnStationWegbeschreibungApp.swift in Sources */,
				8DC2B94A2A75A737009194AB /* Beacon.swift in Sources */,
			);
			runOnlyForDeploymentPostprocessing = 0;
		};
		8DC2B9232A7583AA009194AB /* Sources */ = {
			isa = PBXSourcesBuildPhase;
			buildActionMask = 2147483647;
			files = (
				8DC2B92C2A7583AA009194AB /* UbahnStationWegbeschreibungTests.swift in Sources */,
			);
			runOnlyForDeploymentPostprocessing = 0;
		};
		8DC2B92D2A7583AA009194AB /* Sources */ = {
			isa = PBXSourcesBuildPhase;
			buildActionMask = 2147483647;
			files = (
				8DC2B9362A7583AA009194AB /* UbahnStationWegbeschreibungUITests.swift in Sources */,
				8DC2B9382A7583AA009194AB /* UbahnStationWegbeschreibungUITestsLaunchTests.swift in Sources */,
			);
			runOnlyForDeploymentPostprocessing = 0;
		};
/* End PBXSourcesBuildPhase section */

/* Begin PBXTargetDependency section */
		8DC2B9292A7583AA009194AB /* PBXTargetDependency */ = {
			isa = PBXTargetDependency;
			target = 8DC2B9162A7583A8009194AB /* UbahnStationWegbeschreibung */;
			targetProxy = 8DC2B9282A7583AA009194AB /* PBXContainerItemProxy */;
		};
		8DC2B9332A7583AA009194AB /* PBXTargetDependency */ = {
			isa = PBXTargetDependency;
			target = 8DC2B9162A7583A8009194AB /* UbahnStationWegbeschreibung */;
			targetProxy = 8DC2B9322A7583AA009194AB /* PBXContainerItemProxy */;
		};
/* End PBXTargetDependency section */

/* Begin XCBuildConfiguration section */
		8DC2B9392A7583AA009194AB /* Debug */ = {
			isa = XCBuildConfiguration;
			buildSettings = {
				ALWAYS_SEARCH_USER_PATHS = NO;
				CLANG_ANALYZER_NONNULL = YES;
				CLANG_ANALYZER_NUMBER_OBJECT_CONVERSION = YES_AGGRESSIVE;
				CLANG_CXX_LANGUAGE_STANDARD = "gnu++20";
				CLANG_ENABLE_MODULES = YES;
				CLANG_ENABLE_OBJC_ARC = YES;
				CLANG_ENABLE_OBJC_WEAK = YES;
				CLANG_WARN_BLOCK_CAPTURE_AUTORELEASING = YES;
				CLANG_WARN_BOOL_CONVERSION = YES;
				CLANG_WARN_COMMA = YES;
				CLANG_WARN_CONSTANT_CONVERSION = YES;
				CLANG_WARN_DEPRECATED_OBJC_IMPLEMENTATIONS = YES;
				CLANG_WARN_DIRECT_OBJC_ISA_USAGE = YES_ERROR;
				CLANG_WARN_DOCUMENTATION_COMMENTS = YES;
				CLANG_WARN_EMPTY_BODY = YES;
				CLANG_WARN_ENUM_CONVERSION = YES;
				CLANG_WARN_INFINITE_RECURSION = YES;
				CLANG_WARN_INT_CONVERSION = YES;
				CLANG_WARN_NON_LITERAL_NULL_CONVERSION = YES;
				CLANG_WARN_OBJC_IMPLICIT_RETAIN_SELF = YES;
				CLANG_WARN_OBJC_LITERAL_CONVERSION = YES;
				CLANG_WARN_OBJC_ROOT_CLASS = YES_ERROR;
				CLANG_WARN_QUOTED_INCLUDE_IN_FRAMEWORK_HEADER = YES;
				CLANG_WARN_RANGE_LOOP_ANALYSIS = YES;
				CLANG_WARN_STRICT_PROTOTYPES = YES;
				CLANG_WARN_SUSPICIOUS_MOVE = YES;
				CLANG_WARN_UNGUARDED_AVAILABILITY = YES_AGGRESSIVE;
				CLANG_WARN_UNREACHABLE_CODE = YES;
				CLANG_WARN__DUPLICATE_METHOD_MATCH = YES;
				COPY_PHASE_STRIP = NO;
				DEBUG_INFORMATION_FORMAT = dwarf;
				ENABLE_STRICT_OBJC_MSGSEND = YES;
				ENABLE_TESTABILITY = YES;
				GCC_C_LANGUAGE_STANDARD = gnu11;
				GCC_DYNAMIC_NO_PIC = NO;
				GCC_NO_COMMON_BLOCKS = YES;
				GCC_OPTIMIZATION_LEVEL = 0;
				GCC_PREPROCESSOR_DEFINITIONS = (
					"DEBUG=1",
					"$(inherited)",
				);
				GCC_WARN_64_TO_32_BIT_CONVERSION = YES;
				GCC_WARN_ABOUT_RETURN_TYPE = YES_ERROR;
				GCC_WARN_UNDECLARED_SELECTOR = YES;
				GCC_WARN_UNINITIALIZED_AUTOS = YES_AGGRESSIVE;
				GCC_WARN_UNUSED_FUNCTION = YES;
				GCC_WARN_UNUSED_VARIABLE = YES;
				INFOPLIST_KEY_NSLocationAlwaysAndWhenInUseUsageDescription = "Get real-time orientation info in Viennese subway stations";
				INFOPLIST_KEY_NSLocationAlwaysUsageDescription = "Get real-time orientation info in Viennese subway stations";
				INFOPLIST_KEY_NSLocationTemporaryUsageDescriptionDictionary = "Get real-time orientation info in Viennese subway stations";
				INFOPLIST_KEY_NSLocationUsageDescription = "Get real-time orientation info in Viennese subway stations";
				INFOPLIST_KEY_NSLocationWhenInUseUsageDescription = "Get real-time orientation info in Viennese subway stations";
				IPHONEOS_DEPLOYMENT_TARGET = 16.4;
				MTL_ENABLE_DEBUG_INFO = INCLUDE_SOURCE;
				MTL_FAST_MATH = YES;
				ONLY_ACTIVE_ARCH = YES;
				SDKROOT = iphoneos;
				SWIFT_ACTIVE_COMPILATION_CONDITIONS = DEBUG;
				SWIFT_OPTIMIZATION_LEVEL = "-Onone";
			};
			name = Debug;
		};
		8DC2B93A2A7583AA009194AB /* Release */ = {
			isa = XCBuildConfiguration;
			buildSettings = {
				ALWAYS_SEARCH_USER_PATHS = NO;
				CLANG_ANALYZER_NONNULL = YES;
				CLANG_ANALYZER_NUMBER_OBJECT_CONVERSION = YES_AGGRESSIVE;
				CLANG_CXX_LANGUAGE_STANDARD = "gnu++20";
				CLANG_ENABLE_MODULES = YES;
				CLANG_ENABLE_OBJC_ARC = YES;
				CLANG_ENABLE_OBJC_WEAK = YES;
				CLANG_WARN_BLOCK_CAPTURE_AUTORELEASING = YES;
				CLANG_WARN_BOOL_CONVERSION = YES;
				CLANG_WARN_COMMA = YES;
				CLANG_WARN_CONSTANT_CONVERSION = YES;
				CLANG_WARN_DEPRECATED_OBJC_IMPLEMENTATIONS = YES;
				CLANG_WARN_DIRECT_OBJC_ISA_USAGE = YES_ERROR;
				CLANG_WARN_DOCUMENTATION_COMMENTS = YES;
				CLANG_WARN_EMPTY_BODY = YES;
				CLANG_WARN_ENUM_CONVERSION = YES;
				CLANG_WARN_INFINITE_RECURSION = YES;
				CLANG_WARN_INT_CONVERSION = YES;
				CLANG_WARN_NON_LITERAL_NULL_CONVERSION = YES;
				CLANG_WARN_OBJC_IMPLICIT_RETAIN_SELF = YES;
				CLANG_WARN_OBJC_LITERAL_CONVERSION = YES;
				CLANG_WARN_OBJC_ROOT_CLASS = YES_ERROR;
				CLANG_WARN_QUOTED_INCLUDE_IN_FRAMEWORK_HEADER = YES;
				CLANG_WARN_RANGE_LOOP_ANALYSIS = YES;
				CLANG_WARN_STRICT_PROTOTYPES = YES;
				CLANG_WARN_SUSPICIOUS_MOVE = YES;
				CLANG_WARN_UNGUARDED_AVAILABILITY = YES_AGGRESSIVE;
				CLANG_WARN_UNREACHABLE_CODE = YES;
				CLANG_WARN__DUPLICATE_METHOD_MATCH = YES;
				COPY_PHASE_STRIP = NO;
				DEBUG_INFORMATION_FORMAT = "dwarf-with-dsym";
				ENABLE_NS_ASSERTIONS = NO;
				ENABLE_STRICT_OBJC_MSGSEND = YES;
				GCC_C_LANGUAGE_STANDARD = gnu11;
				GCC_NO_COMMON_BLOCKS = YES;
				GCC_WARN_64_TO_32_BIT_CONVERSION = YES;
				GCC_WARN_ABOUT_RETURN_TYPE = YES_ERROR;
				GCC_WARN_UNDECLARED_SELECTOR = YES;
				GCC_WARN_UNINITIALIZED_AUTOS = YES_AGGRESSIVE;
				GCC_WARN_UNUSED_FUNCTION = YES;
				GCC_WARN_UNUSED_VARIABLE = YES;
				INFOPLIST_KEY_NSLocationAlwaysAndWhenInUseUsageDescription = "Get real-time orientation info in Viennese subway stations";
				INFOPLIST_KEY_NSLocationAlwaysUsageDescription = "Get real-time orientation info in Viennese subway stations";
				INFOPLIST_KEY_NSLocationTemporaryUsageDescriptionDictionary = "Get real-time orientation info in Viennese subway stations";
				INFOPLIST_KEY_NSLocationUsageDescription = "Get real-time orientation info in Viennese subway stations";
				INFOPLIST_KEY_NSLocationWhenInUseUsageDescription = "Get real-time orientation info in Viennese subway stations";
				IPHONEOS_DEPLOYMENT_TARGET = 16.4;
				MTL_ENABLE_DEBUG_INFO = NO;
				MTL_FAST_MATH = YES;
				SDKROOT = iphoneos;
				SWIFT_COMPILATION_MODE = wholemodule;
				SWIFT_OPTIMIZATION_LEVEL = "-O";
				VALIDATE_PRODUCT = YES;
			};
			name = Release;
		};
		8DC2B93C2A7583AA009194AB /* Debug */ = {
			isa = XCBuildConfiguration;
			buildSettings = {
				ASSETCATALOG_COMPILER_APPICON_NAME = AppIcon;
				ASSETCATALOG_COMPILER_GLOBAL_ACCENT_COLOR_NAME = AccentColor;
				CODE_SIGN_STYLE = Automatic;
				CURRENT_PROJECT_VERSION = 1;
				DEVELOPMENT_ASSET_PATHS = "\"UbahnStationWegbeschreibung/Preview Content\"";
				DEVELOPMENT_TEAM = B96QXD8K8E;
				ENABLE_PREVIEWS = YES;
				GENERATE_INFOPLIST_FILE = YES;
				INFOPLIST_KEY_UIApplicationSceneManifest_Generation = YES;
				INFOPLIST_KEY_UIApplicationSupportsIndirectInputEvents = YES;
				INFOPLIST_KEY_UILaunchScreen_Generation = YES;
				INFOPLIST_KEY_UISupportedInterfaceOrientations_iPad = "UIInterfaceOrientationPortrait UIInterfaceOrientationPortraitUpsideDown UIInterfaceOrientationLandscapeLeft UIInterfaceOrientationLandscapeRight";
				INFOPLIST_KEY_UISupportedInterfaceOrientations_iPhone = "UIInterfaceOrientationPortrait UIInterfaceOrientationLandscapeLeft UIInterfaceOrientationLandscapeRight";
				LD_RUNPATH_SEARCH_PATHS = (
					"$(inherited)",
					"@executable_path/Frameworks",
				);
				MARKETING_VERSION = 1.0;
				PRODUCT_BUNDLE_IDENTIFIER = com.UbahnStationWegbeschreibung;
				PRODUCT_NAME = "$(TARGET_NAME)";
				SWIFT_EMIT_LOC_STRINGS = YES;
				SWIFT_VERSION = 5.0;
				TARGETED_DEVICE_FAMILY = "1,2";
			};
			name = Debug;
		};
		8DC2B93D2A7583AA009194AB /* Release */ = {
			isa = XCBuildConfiguration;
			buildSettings = {
				ASSETCATALOG_COMPILER_APPICON_NAME = AppIcon;
				ASSETCATALOG_COMPILER_GLOBAL_ACCENT_COLOR_NAME = AccentColor;
				CODE_SIGN_STYLE = Automatic;
				CURRENT_PROJECT_VERSION = 1;
				DEVELOPMENT_ASSET_PATHS = "\"UbahnStationWegbeschreibung/Preview Content\"";
				DEVELOPMENT_TEAM = B96QXD8K8E;
				ENABLE_PREVIEWS = YES;
				GENERATE_INFOPLIST_FILE = YES;
				INFOPLIST_KEY_UIApplicationSceneManifest_Generation = YES;
				INFOPLIST_KEY_UIApplicationSupportsIndirectInputEvents = YES;
				INFOPLIST_KEY_UILaunchScreen_Generation = YES;
				INFOPLIST_KEY_UISupportedInterfaceOrientations_iPad = "UIInterfaceOrientationPortrait UIInterfaceOrientationPortraitUpsideDown UIInterfaceOrientationLandscapeLeft UIInterfaceOrientationLandscapeRight";
				INFOPLIST_KEY_UISupportedInterfaceOrientations_iPhone = "UIInterfaceOrientationPortrait UIInterfaceOrientationLandscapeLeft UIInterfaceOrientationLandscapeRight";
				LD_RUNPATH_SEARCH_PATHS = (
					"$(inherited)",
					"@executable_path/Frameworks",
				);
				MARKETING_VERSION = 1.0;
				PRODUCT_BUNDLE_IDENTIFIER = com.UbahnStationWegbeschreibung;
				PRODUCT_NAME = "$(TARGET_NAME)";
				SWIFT_EMIT_LOC_STRINGS = YES;
				SWIFT_VERSION = 5.0;
				TARGETED_DEVICE_FAMILY = "1,2";
			};
			name = Release;
		};
		8DC2B93F2A7583AA009194AB /* Debug */ = {
			isa = XCBuildConfiguration;
			buildSettings = {
				ALWAYS_EMBED_SWIFT_STANDARD_LIBRARIES = YES;
				BUNDLE_LOADER = "$(TEST_HOST)";
				CODE_SIGN_STYLE = Automatic;
				CURRENT_PROJECT_VERSION = 1;
				DEVELOPMENT_TEAM = B96QXD8K8E;
				GENERATE_INFOPLIST_FILE = YES;
				IPHONEOS_DEPLOYMENT_TARGET = 16.4;
				MARKETING_VERSION = 1.0;
				PRODUCT_BUNDLE_IDENTIFIER = com.UbahnStationWegbeschreibungTests;
				PRODUCT_NAME = "$(TARGET_NAME)";
				SWIFT_EMIT_LOC_STRINGS = NO;
				SWIFT_VERSION = 5.0;
				TARGETED_DEVICE_FAMILY = "1,2";
				TEST_HOST = "$(BUILT_PRODUCTS_DIR)/UbahnStationWegbeschreibung.app/$(BUNDLE_EXECUTABLE_FOLDER_PATH)/UbahnStationWegbeschreibung";
			};
			name = Debug;
		};
		8DC2B9402A7583AA009194AB /* Release */ = {
			isa = XCBuildConfiguration;
			buildSettings = {
				ALWAYS_EMBED_SWIFT_STANDARD_LIBRARIES = YES;
				BUNDLE_LOADER = "$(TEST_HOST)";
				CODE_SIGN_STYLE = Automatic;
				CURRENT_PROJECT_VERSION = 1;
				DEVELOPMENT_TEAM = B96QXD8K8E;
				GENERATE_INFOPLIST_FILE = YES;
				IPHONEOS_DEPLOYMENT_TARGET = 16.4;
				MARKETING_VERSION = 1.0;
				PRODUCT_BUNDLE_IDENTIFIER = com.UbahnStationWegbeschreibungTests;
				PRODUCT_NAME = "$(TARGET_NAME)";
				SWIFT_EMIT_LOC_STRINGS = NO;
				SWIFT_VERSION = 5.0;
				TARGETED_DEVICE_FAMILY = "1,2";
				TEST_HOST = "$(BUILT_PRODUCTS_DIR)/UbahnStationWegbeschreibung.app/$(BUNDLE_EXECUTABLE_FOLDER_PATH)/UbahnStationWegbeschreibung";
			};
			name = Release;
		};
		8DC2B9422A7583AA009194AB /* Debug */ = {
			isa = XCBuildConfiguration;
			buildSettings = {
				ALWAYS_EMBED_SWIFT_STANDARD_LIBRARIES = YES;
				CODE_SIGN_STYLE = Automatic;
				CURRENT_PROJECT_VERSION = 1;
				DEVELOPMENT_TEAM = B96QXD8K8E;
				GENERATE_INFOPLIST_FILE = YES;
				MARKETING_VERSION = 1.0;
				PRODUCT_BUNDLE_IDENTIFIER = com.UbahnStationWegbeschreibungUITests;
				PRODUCT_NAME = "$(TARGET_NAME)";
				SWIFT_EMIT_LOC_STRINGS = NO;
				SWIFT_VERSION = 5.0;
				TARGETED_DEVICE_FAMILY = "1,2";
				TEST_TARGET_NAME = UbahnStationWegbeschreibung;
			};
			name = Debug;
		};
		8DC2B9432A7583AA009194AB /* Release */ = {
			isa = XCBuildConfiguration;
			buildSettings = {
				ALWAYS_EMBED_SWIFT_STANDARD_LIBRARIES = YES;
				CODE_SIGN_STYLE = Automatic;
				CURRENT_PROJECT_VERSION = 1;
				DEVELOPMENT_TEAM = B96QXD8K8E;
				GENERATE_INFOPLIST_FILE = YES;
				MARKETING_VERSION = 1.0;
				PRODUCT_BUNDLE_IDENTIFIER = com.UbahnStationWegbeschreibungUITests;
				PRODUCT_NAME = "$(TARGET_NAME)";
				SWIFT_EMIT_LOC_STRINGS = NO;
				SWIFT_VERSION = 5.0;
				TARGETED_DEVICE_FAMILY = "1,2";
				TEST_TARGET_NAME = UbahnStationWegbeschreibung;
			};
			name = Release;
		};
/* End XCBuildConfiguration section */

/* Begin XCConfigurationList section */
		8DC2B9122A7583A8009194AB /* Build configuration list for PBXProject "UbahnStationWegbeschreibung" */ = {
			isa = XCConfigurationList;
			buildConfigurations = (
				8DC2B9392A7583AA009194AB /* Debug */,
				8DC2B93A2A7583AA009194AB /* Release */,
			);
			defaultConfigurationIsVisible = 0;
			defaultConfigurationName = Release;
		};
		8DC2B93B2A7583AA009194AB /* Build configuration list for PBXNativeTarget "UbahnStationWegbeschreibung" */ = {
			isa = XCConfigurationList;
			buildConfigurations = (
				8DC2B93C2A7583AA009194AB /* Debug */,
				8DC2B93D2A7583AA009194AB /* Release */,
			);
			defaultConfigurationIsVisible = 0;
			defaultConfigurationName = Release;
		};
		8DC2B93E2A7583AA009194AB /* Build configuration list for PBXNativeTarget "UbahnStationWegbeschreibungTests" */ = {
			isa = XCConfigurationList;
			buildConfigurations = (
				8DC2B93F2A7583AA009194AB /* Debug */,
				8DC2B9402A7583AA009194AB /* Release */,
			);
			defaultConfigurationIsVisible = 0;
			defaultConfigurationName = Release;
		};
		8DC2B9412A7583AA009194AB /* Build configuration list for PBXNativeTarget "UbahnStationWegbeschreibungUITests" */ = {
			isa = XCConfigurationList;
			buildConfigurations = (
				8DC2B9422A7583AA009194AB /* Debug */,
				8DC2B9432A7583AA009194AB /* Release */,
			);
			defaultConfigurationIsVisible = 0;
			defaultConfigurationName = Release;
		};
/* End XCConfigurationList section */
	};
	rootObject = 8DC2B90F2A7583A8009194AB /* Project object */;
}
